
Microsoft Visual Studio Solution File, Format Version 12.00
# Visual Studio Version 16
VisualStudioVersion = 16.0.31515.178
MinimumVisualStudioVersion = 10.0.40219.1
Project("{9A19103F-16F7-4668-BE54-9A1E7A4F7556}") = "DataAccess", "DataAccess\DataAccess.csproj", "{F44BA563-07E3-4E8B-8623-E5FC378D95D6}"
EndProject
Project("{9A19103F-16F7-4668-BE54-9A1E7A4F7556}") = "Business", "Business\Business.csproj", "{31FFF2A9-8DF1-4E31-8FD9-DA8FDEAD62FB}"
EndProject
Project("{9A19103F-16F7-4668-BE54-9A1E7A4F7556}") = "Entities", "Entities\Entities.csproj", "{9E5EE3D4-971B-4291-9F05-B8139BAC6366}"
EndProject
Project("{9A19103F-16F7-4668-BE54-9A1E7A4F7556}") = "Core", "Core\Core.csproj", "{5AD162C6-703F-42EA-9CCC-AEAA57FA1B48}"
EndProject
Project("{9A19103F-16F7-4668-BE54-9A1E7A4F7556}") = "WebAPI", "WebAPI\WebAPI.csproj", "{45BDB0B6-6314-45B9-87A9-DA7ECA5A6760}"
EndProject
Global
	GlobalSection(SolutionConfigurationPlatforms) = preSolution
		Debug|Any CPU = Debug|Any CPU
		Release|Any CPU = Release|Any CPU
	EndGlobalSection
	GlobalSection(ProjectConfigurationPlatforms) = postSolution
		{F44BA563-07E3-4E8B-8623-E5FC378D95D6}.Debug|Any CPU.ActiveCfg = Debug|Any CPU
		{F44BA563-07E3-4E8B-8623-E5FC378D95D6}.Debug|Any CPU.Build.0 = Debug|Any CPU
		{F44BA563-07E3-4E8B-8623-E5FC378D95D6}.Release|Any CPU.ActiveCfg = Release|Any CPU
		{F44BA563-07E3-4E8B-8623-E5FC378D95D6}.Release|Any CPU.Build.0 = Release|Any CPU
		{31FFF2A9-8DF1-4E31-8FD9-DA8FDEAD62FB}.Debug|Any CPU.ActiveCfg = Debug|Any CPU
		{31FFF2A9-8DF1-4E31-8FD9-DA8FDEAD62FB}.Debug|Any CPU.Build.0 = Debug|Any CPU
		{31FFF2A9-8DF1-4E31-8FD9-DA8FDEAD62FB}.Release|Any CPU.ActiveCfg = Release|Any CPU
		{31FFF2A9-8DF1-4E31-8FD9-DA8FDEAD62FB}.Release|Any CPU.Build.0 = Release|Any CPU
		{9E5EE3D4-971B-4291-9F05-B8139BAC6366}.Debug|Any CPU.ActiveCfg = Debug|Any CPU
		{9E5EE3D4-971B-4291-9F05-B8139BAC6366}.Debug|Any CPU.Build.0 = Debug|Any CPU
		{9E5EE3D4-971B-4291-9F05-B8139BAC6366}.Release|Any CPU.ActiveCfg = Release|Any CPU
		{9E5EE3D4-971B-4291-9F05-B8139BAC6366}.Release|Any CPU.Build.0 = Release|Any CPU
		{5AD162C6-703F-42EA-9CCC-AEAA57FA1B48}.Debug|Any CPU.ActiveCfg = Debug|Any CPU
		{5AD162C6-703F-42EA-9CCC-AEAA57FA1B48}.Debug|Any CPU.Build.0 = Debug|Any CPU
		{5AD162C6-703F-42EA-9CCC-AEAA57FA1B48}.Release|Any CPU.ActiveCfg = Release|Any CPU
		{5AD162C6-703F-42EA-9CCC-AEAA57FA1B48}.Release|Any CPU.Build.0 = Release|Any CPU
		{45BDB0B6-6314-45B9-87A9-DA7ECA5A6760}.Debug|Any CPU.ActiveCfg = Debug|Any CPU
		{45BDB0B6-6314-45B9-87A9-DA7ECA5A6760}.Debug|Any CPU.Build.0 = Debug|Any CPU
		{45BDB0B6-6314-45B9-87A9-DA7ECA5A6760}.Release|Any CPU.ActiveCfg = Release|Any CPU
		{45BDB0B6-6314-45B9-87A9-DA7ECA5A6760}.Release|Any CPU.Build.0 = Release|Any CPU
	EndGlobalSection
	GlobalSection(SolutionProperties) = preSolution
		HideSolutionNode = FALSE
	EndGlobalSection
	GlobalSection(ExtensibilityGlobals) = postSolution
		SolutionGuid = {6FD40417-D3F3-4C28-A648-C752209C3402}
	EndGlobalSection
EndGlobal
